{
  "name": "@brand-identity-brand/personal-site-workspace",
  "version": "0.0.0",
  "lockfileVersion": 3,
  "requires": true,
  "packages": {
    "": {
      "name": "@brand-identity-brand/personal-site-workspace",
      "version": "0.0.0",
      "workspaces": [
        "apps/*",
        "os",
        "projects/*"
      ]
    },
    "apps/personal-site": {
      "name": "@brand-identity-brand/personal-site",
      "version": "0.0.0"
    },
    "node_modules/@brand-identity-brand/personal-os": {
      "resolved": "os",
      "link": true
    },
    "node_modules/@brand-identity-brand/personal-site": {
      "resolved": "apps/personal-site",
      "link": true
    },
    "os": {
      "name": "@brand-identity-brand/personal-os",
      "version": "0.0.0"
    }
  }
}
