{
  "name": "@brand-identity-brand/personal-site-workspace",
  "version": "0.0.0",
  "lockfileVersion": 3,
  "requires": true,
  "packages": {
    "": {
      "name": "@brand-identity-brand/personal-site-workspace",
      "version": "0.0.0",
      "workspaces": [
        "apps/*",
        "packages/*",
        "projects/*"
      ]
    },
    "apps/brand-identity-brand.github.io": {
      "name": "brand-identity-brand.github.io",
      "version": "0.0.0"
    },
    "node_modules/@brand-identity-brand/personal-os": {
      "resolved": "packages/os",
      "link": true
    },
    "node_modules/brand-identity-brand.github.io": {
      "resolved": "apps/brand-identity-brand.github.io",
      "link": true
    },
    "packages/os": {
      "name": "@brand-identity-brand/personal-os",
      "version": "0.0.0"
    }
  }
}
